
Microsoft Visual Studio Solution File, Format Version 12.00
# Visual Studio 15
VisualStudioVersion = 15.0.28307.421
MinimumVisualStudioVersion = 10.0.40219.1
Project("{9A19103F-16F7-4668-BE54-9A1E7A4F7556}") = "ArrayExercises", "ArrayExercises\ArrayExercises.csproj", "{C09C91DB-0A17-4F29-B05E-838B8DBB1444}"
EndProject
Project("{FAE04EC0-301F-11D3-BF4B-00C04F79EFBC}") = "PrimeNumbersMatrix", "MatrixExercises\PrimeNumbersMatrix.csproj", "{74380EF5-3DC1-49DC-A080-7E4245D4F391}"
EndProject
Project("{FAE04EC0-301F-11D3-BF4B-00C04F79EFBC}") = "SetsFromArray", "SetsFromArray\SetsFromArray.csproj", "{EFE6DA23-D03C-42F2-A4E5-A6429CBF06D0}"
EndProject
Global
	GlobalSection(SolutionConfigurationPlatforms) = preSolution
		Debug|Any CPU = Debug|Any CPU
		Release|Any CPU = Release|Any CPU
	EndGlobalSection
	GlobalSection(ProjectConfigurationPlatforms) = postSolution
		{C09C91DB-0A17-4F29-B05E-838B8DBB1444}.Debug|Any CPU.ActiveCfg = Debug|Any CPU
		{C09C91DB-0A17-4F29-B05E-838B8DBB1444}.Debug|Any CPU.Build.0 = Debug|Any CPU
		{C09C91DB-0A17-4F29-B05E-838B8DBB1444}.Release|Any CPU.ActiveCfg = Release|Any CPU
		{C09C91DB-0A17-4F29-B05E-838B8DBB1444}.Release|Any CPU.Build.0 = Release|Any CPU
		{74380EF5-3DC1-49DC-A080-7E4245D4F391}.Debug|Any CPU.ActiveCfg = Debug|Any CPU
		{74380EF5-3DC1-49DC-A080-7E4245D4F391}.Debug|Any CPU.Build.0 = Debug|Any CPU
		{74380EF5-3DC1-49DC-A080-7E4245D4F391}.Release|Any CPU.ActiveCfg = Release|Any CPU
		{74380EF5-3DC1-49DC-A080-7E4245D4F391}.Release|Any CPU.Build.0 = Release|Any CPU
		{EFE6DA23-D03C-42F2-A4E5-A6429CBF06D0}.Debug|Any CPU.ActiveCfg = Debug|Any CPU
		{EFE6DA23-D03C-42F2-A4E5-A6429CBF06D0}.Debug|Any CPU.Build.0 = Debug|Any CPU
		{EFE6DA23-D03C-42F2-A4E5-A6429CBF06D0}.Release|Any CPU.ActiveCfg = Release|Any CPU
		{EFE6DA23-D03C-42F2-A4E5-A6429CBF06D0}.Release|Any CPU.Build.0 = Release|Any CPU
	EndGlobalSection
	GlobalSection(SolutionProperties) = preSolution
		HideSolutionNode = FALSE
	EndGlobalSection
	GlobalSection(ExtensibilityGlobals) = postSolution
		SolutionGuid = {F10F001E-29B7-416D-A844-7CD733B01DA0}
	EndGlobalSection
EndGlobal
